// !$*UTF8*$!
{
	archiveVersion = 1;
	classes = {
	};
	objectVersion = 46;
	objects = {

/* Begin PBXBuildFile section */
		1D3623260D0F684500981E51 /* TypingGameAppDelegate.m in Sources */ = {isa = PBXBuildFile; fileRef = 1D3623250D0F684500981E51 /* TypingGameAppDelegate.m */; };
		1D60589B0D05DD56006BFB54 /* main.m in Sources */ = {isa = PBXBuildFile; fileRef = 29B97316FDCFA39411CA2CEA /* main.m */; };
		1D60589F0D05DD5A006BFB54 /* Foundation.framework in Frameworks */ = {isa = PBXBuildFile; fileRef = 1D30AB110D05D00D00671497 /* Foundation.framework */; };
		1DF5F4E00D08C38300B7A737 /* UIKit.framework in Frameworks */ = {isa = PBXBuildFile; fileRef = 1DF5F4DF0D08C38300B7A737 /* UIKit.framework */; };
		288765FD0DF74451002DB57D /* CoreGraphics.framework in Frameworks */ = {isa = PBXBuildFile; fileRef = 288765FC0DF74451002DB57D /* CoreGraphics.framework */; };
		28AD733F0D9D9553002E5188 /* MainWindow.xib in Resources */ = {isa = PBXBuildFile; fileRef = 28AD733E0D9D9553002E5188 /* MainWindow.xib */; };
		9839225A11ABDF0B00E636AF /* BillBoardsView.xib in Resources */ = {isa = PBXBuildFile; fileRef = 9839225911ABDF0B00E636AF /* BillBoardsView.xib */; };
		9839226311ABE04200E636AF /* BillBoardsViewController.m in Sources */ = {isa = PBXBuildFile; fileRef = 9839226211ABE04200E636AF /* BillBoardsViewController.m */; };
		9866832011ABD4AB00F4867F /* billboards.png in Resources */ = {isa = PBXBuildFile; fileRef = 9866831F11ABD4AB00F4867F /* billboards.png */; };
		988E140611A1486400C1B831 /* icon.jpg in Resources */ = {isa = PBXBuildFile; fileRef = 988E140411A1486400C1B831 /* icon.jpg */; };
		988E140B11A148D400C1B831 /* MultiViewController.m in Sources */ = {isa = PBXBuildFile; fileRef = 988E140A11A148D400C1B831 /* MultiViewController.m */; };
		988E140D11A148E900C1B831 /* MultiViewController.xib in Resources */ = {isa = PBXBuildFile; fileRef = 988E140C11A148E900C1B831 /* MultiViewController.xib */; };
		988E142711A1499A00C1B831 /* MenuViewController.m in Sources */ = {isa = PBXBuildFile; fileRef = 988E142611A1499A00C1B831 /* MenuViewController.m */; };
		988E142A11A149A400C1B831 /* SettingViewController.m in Sources */ = {isa = PBXBuildFile; fileRef = 988E142911A149A400C1B831 /* SettingViewController.m */; };
		988E144111A14BDA00C1B831 /* MenuView.xib in Resources */ = {isa = PBXBuildFile; fileRef = 988E144011A14BDA00C1B831 /* MenuView.xib */; };
		988E144311A14BE900C1B831 /* SettingView.xib in Resources */ = {isa = PBXBuildFile; fileRef = 988E144211A14BE900C1B831 /* SettingView.xib */; };
		9897B59D11A81FCD005668DC /* UpdateView.xib in Resources */ = {isa = PBXBuildFile; fileRef = 9897B59C11A81FCD005668DC /* UpdateView.xib */; };
		98A9A39511A284240055BBED /* PlayView.xib in Resources */ = {isa = PBXBuildFile; fileRef = 98A9A39411A284240055BBED /* PlayView.xib */; };
		98A9A39811A284310055BBED /* PlayViewController.m in Sources */ = {isa = PBXBuildFile; fileRef = 98A9A39711A284310055BBED /* PlayViewController.m */; };
		98A9A3DD11A289220055BBED /* time.png in Resources */ = {isa = PBXBuildFile; fileRef = 98A9A3DC11A289220055BBED /* time.png */; };
		98A9A3E111A291540055BBED /* type.png in Resources */ = {isa = PBXBuildFile; fileRef = 98A9A3E011A291540055BBED /* type.png */; };
		98A9A47B11A2A7BF0055BBED /* Default.png in Resources */ = {isa = PBXBuildFile; fileRef = 98A9A47A11A2A7BF0055BBED /* Default.png */; };
		98AE318911A2E31A002BD4BD /* combo.png in Resources */ = {isa = PBXBuildFile; fileRef = 98AE318811A2E31A002BD4BD /* combo.png */; };
		98BA588511D8959900D2F1BD /* UpdateViewController.m in Sources */ = {isa = PBXBuildFile; fileRef = 9897B59A11A81FC2005668DC /* UpdateViewController.m */; };
/* End PBXBuildFile section */

/* Begin PBXFileReference section */
		1D30AB110D05D00D00671497 /* Foundation.framework */ = {isa = PBXFileReference; lastKnownFileType = wrapper.framework; name = Foundation.framework; path = System/Library/Frameworks/Foundation.framework; sourceTree = SDKROOT; };
		1D3623240D0F684500981E51 /* TypingGameAppDelegate.h */ = {isa = PBXFileReference; fileEncoding = 4; lastKnownFileType = sourcecode.c.h; name = TypingGameAppDelegate.h; path = Classes/TypingGameAppDelegate.h; sourceTree = "<group>"; };
		1D3623250D0F684500981E51 /* TypingGameAppDelegate.m */ = {isa = PBXFileReference; fileEncoding = 4; lastKnownFileType = sourcecode.c.objc; path = TypingGameAppDelegate.m; sourceTree = "<group>"; };
		1D6058910D05DD3D006BFB54 /* TypingGame.app */ = {isa = PBXFileReference; explicitFileType = wrapper.application; includeInIndex = 0; path = TypingGame.app; sourceTree = BUILT_PRODUCTS_DIR; };
		1DF5F4DF0D08C38300B7A737 /* UIKit.framework */ = {isa = PBXFileReference; lastKnownFileType = wrapper.framework; name = UIKit.framework; path = System/Library/Frameworks/UIKit.framework; sourceTree = SDKROOT; };
		288765FC0DF74451002DB57D /* CoreGraphics.framework */ = {isa = PBXFileReference; lastKnownFileType = wrapper.framework; name = CoreGraphics.framework; path = System/Library/Frameworks/CoreGraphics.framework; sourceTree = SDKROOT; };
		28AD733E0D9D9553002E5188 /* MainWindow.xib */ = {isa = PBXFileReference; lastKnownFileType = file.xib; path = MainWindow.xib; sourceTree = "<group>"; };
		29B97316FDCFA39411CA2CEA /* main.m */ = {isa = PBXFileReference; fileEncoding = 4; lastKnownFileType = sourcecode.c.objc; path = main.m; sourceTree = "<group>"; };
		32CA4F630368D1EE00C91783 /* TypingGame_Prefix.pch */ = {isa = PBXFileReference; fileEncoding = 4; lastKnownFileType = sourcecode.c.h; path = TypingGame_Prefix.pch; sourceTree = "<group>"; };
		8D1107310486CEB800E47090 /* TypingGame-Info.plist */ = {isa = PBXFileReference; fileEncoding = 4; lastKnownFileType = text.plist.xml; path = "TypingGame-Info.plist"; plistStructureDefinitionIdentifier = "com.apple.xcode.plist.structure-definition.iphone.info-plist"; sourceTree = "<group>"; };
		9839225911ABDF0B00E636AF /* BillBoardsView.xib */ = {isa = PBXFileReference; lastKnownFileType = file.xib; path = BillBoardsView.xib; sourceTree = "<group>"; };
		9839226111ABE04200E636AF /* BillBoardsViewController.h */ = {isa = PBXFileReference; fileEncoding = 4; lastKnownFileType = sourcecode.c.h; path = BillBoardsViewController.h; sourceTree = "<group>"; };
		9839226211ABE04200E636AF /* BillBoardsViewController.m */ = {isa = PBXFileReference; fileEncoding = 4; lastKnownFileType = sourcecode.c.objc; path = BillBoardsViewController.m; sourceTree = "<group>"; };
		9866831F11ABD4AB00F4867F /* billboards.png */ = {isa = PBXFileReference; lastKnownFileType = image.png; path = billboards.png; sourceTree = "<group>"; };
		988E140411A1486400C1B831 /* icon.jpg */ = {isa = PBXFileReference; lastKnownFileType = image.jpeg; path = icon.jpg; sourceTree = "<group>"; };
		988E140911A148D400C1B831 /* MultiViewController.h */ = {isa = PBXFileReference; fileEncoding = 4; lastKnownFileType = sourcecode.c.h; path = MultiViewController.h; sourceTree = "<group>"; };
		988E140A11A148D400C1B831 /* MultiViewController.m */ = {isa = PBXFileReference; fileEncoding = 4; lastKnownFileType = sourcecode.c.objc; path = MultiViewController.m; sourceTree = "<group>"; };
		988E140C11A148E900C1B831 /* MultiViewController.xib */ = {isa = PBXFileReference; lastKnownFileType = file.xib; path = MultiViewController.xib; sourceTree = "<group>"; };
		988E142511A1499A00C1B831 /* MenuViewController.h */ = {isa = PBXFileReference; fileEncoding = 4; lastKnownFileType = sourcecode.c.h; path = MenuViewController.h; sourceTree = "<group>"; };
		988E142611A1499A00C1B831 /* MenuViewController.m */ = {isa = PBXFileReference; fileEncoding = 4; lastKnownFileType = sourcecode.c.objc; path = MenuViewController.m; sourceTree = "<group>"; };
		988E142811A149A400C1B831 /* SettingViewController.h */ = {isa = PBXFileReference; fileEncoding = 4; lastKnownFileType = sourcecode.c.h; path = SettingViewController.h; sourceTree = "<group>"; };
		988E142911A149A400C1B831 /* SettingViewController.m */ = {isa = PBXFileReference; fileEncoding = 4; lastKnownFileType = sourcecode.c.objc; path = SettingViewController.m; sourceTree = "<group>"; };
		988E144011A14BDA00C1B831 /* MenuView.xib */ = {isa = PBXFileReference; lastKnownFileType = file.xib; path = MenuView.xib; sourceTree = "<group>"; };
		988E144211A14BE900C1B831 /* SettingView.xib */ = {isa = PBXFileReference; lastKnownFileType = file.xib; path = SettingView.xib; sourceTree = "<group>"; };
		9897B59911A81FC2005668DC /* UpdateViewController.h */ = {isa = PBXFileReference; fileEncoding = 4; lastKnownFileType = sourcecode.c.h; path = UpdateViewController.h; sourceTree = "<group>"; };
		9897B59A11A81FC2005668DC /* UpdateViewController.m */ = {isa = PBXFileReference; fileEncoding = 4; lastKnownFileType = sourcecode.c.objc; path = UpdateViewController.m; sourceTree = "<group>"; };
		9897B59C11A81FCD005668DC /* UpdateView.xib */ = {isa = PBXFileReference; lastKnownFileType = file.xib; path = UpdateView.xib; sourceTree = "<group>"; };
		98A9A39411A284240055BBED /* PlayView.xib */ = {isa = PBXFileReference; lastKnownFileType = file.xib; path = PlayView.xib; sourceTree = "<group>"; };
		98A9A39611A284310055BBED /* PlayViewController.h */ = {isa = PBXFileReference; fileEncoding = 4; lastKnownFileType = sourcecode.c.h; path = PlayViewController.h; sourceTree = "<group>"; };
		98A9A39711A284310055BBED /* PlayViewController.m */ = {isa = PBXFileReference; fileEncoding = 4; lastKnownFileType = sourcecode.c.objc; path = PlayViewController.m; sourceTree = "<group>"; };
		98A9A3DC11A289220055BBED /* time.png */ = {isa = PBXFileReference; lastKnownFileType = image.png; path = time.png; sourceTree = "<group>"; };
		98A9A3E011A291540055BBED /* type.png */ = {isa = PBXFileReference; lastKnownFileType = image.png; path = type.png; sourceTree = "<group>"; };
		98A9A47A11A2A7BF0055BBED /* Default.png */ = {isa = PBXFileReference; lastKnownFileType = image.png; path = Default.png; sourceTree = "<group>"; };
		98AE318811A2E31A002BD4BD /* combo.png */ = {isa = PBXFileReference; lastKnownFileType = image.png; path = combo.png; sourceTree = "<group>"; };
/* End PBXFileReference section */

/* Begin PBXFrameworksBuildPhase section */
		1D60588F0D05DD3D006BFB54 /* Frameworks */ = {
			isa = PBXFrameworksBuildPhase;
			buildActionMask = 2147483647;
			files = (
				1D60589F0D05DD5A006BFB54 /* Foundation.framework in Frameworks */,
				1DF5F4E00D08C38300B7A737 /* UIKit.framework in Frameworks */,
				288765FD0DF74451002DB57D /* CoreGraphics.framework in Frameworks */,
			);
			runOnlyForDeploymentPostprocessing = 0;
		};
/* End PBXFrameworksBuildPhase section */

/* Begin PBXGroup section */
		080E96DDFE201D6D7F000001 /* Classes */ = {
			isa = PBXGroup;
			children = (
				1D3623250D0F684500981E51 /* TypingGameAppDelegate.m */,
			);
			path = Classes;
			sourceTree = "<group>";
		};
		19C28FACFE9D520D11CA2CBB /* Products */ = {
			isa = PBXGroup;
			children = (
				1D6058910D05DD3D006BFB54 /* TypingGame.app */,
			);
			name = Products;
			sourceTree = "<group>";
		};
		29B97314FDCFA39411CA2CEA /* CustomTemplate */ = {
			isa = PBXGroup;
			children = (
				988E140811A1487800C1B831 /* View Controller */,
				080E96DDFE201D6D7F000001 /* Classes */,
				29B97315FDCFA39411CA2CEA /* Other Sources */,
				29B97317FDCFA39411CA2CEA /* Resources */,
				19C28FACFE9D520D11CA2CBB /* Products */,
			);
			name = CustomTemplate;
			sourceTree = "<group>";
		};
		29B97315FDCFA39411CA2CEA /* Other Sources */ = {
			isa = PBXGroup;
			children = (
				32CA4F630368D1EE00C91783 /* TypingGame_Prefix.pch */,
				29B97316FDCFA39411CA2CEA /* main.m */,
			);
			name = "Other Sources";
			sourceTree = "<group>";
		};
		29B97317FDCFA39411CA2CEA /* Resources */ = {
			isa = PBXGroup;
			children = (
				9866831F11ABD4AB00F4867F /* billboards.png */,
				98AE318811A2E31A002BD4BD /* combo.png */,
				98A9A47A11A2A7BF0055BBED /* Default.png */,
				98A9A3E011A291540055BBED /* type.png */,
				98A9A3DC11A289220055BBED /* time.png */,
				28AD733E0D9D9553002E5188 /* MainWindow.xib */,
				988E140411A1486400C1B831 /* icon.jpg */,
				988E140C11A148E900C1B831 /* MultiViewController.xib */,
				988E144011A14BDA00C1B831 /* MenuView.xib */,
				9839225911ABDF0B00E636AF /* BillBoardsView.xib */,
				988E144211A14BE900C1B831 /* SettingView.xib */,
				98A9A39411A284240055BBED /* PlayView.xib */,
				8D1107310486CEB800E47090 /* TypingGame-Info.plist */,
				9897B59C11A81FCD005668DC /* UpdateView.xib */,
				29B97323FDCFA39411CA2CEA /* Frameworks */,
			);
			name = Resources;
			sourceTree = "<group>";
		};
		29B97323FDCFA39411CA2CEA /* Frameworks */ = {
			isa = PBXGroup;
			children = (
				1DF5F4DF0D08C38300B7A737 /* UIKit.framework */,
				1D30AB110D05D00D00671497 /* Foundation.framework */,
				288765FC0DF74451002DB57D /* CoreGraphics.framework */,
			);
			name = Frameworks;
			sourceTree = "<group>";
		};
		988E140811A1487800C1B831 /* View Controller */ = {
			isa = PBXGroup;
			children = (
				988E140911A148D400C1B831 /* MultiViewController.h */,
				988E140A11A148D400C1B831 /* MultiViewController.m */,
				988E142511A1499A00C1B831 /* MenuViewController.h */,
				988E142611A1499A00C1B831 /* MenuViewController.m */,
				988E142811A149A400C1B831 /* SettingViewController.h */,
				988E142911A149A400C1B831 /* SettingViewController.m */,
				98A9A39611A284310055BBED /* PlayViewController.h */,
				98A9A39711A284310055BBED /* PlayViewController.m */,
				9897B59911A81FC2005668DC /* UpdateViewController.h */,
				9897B59A11A81FC2005668DC /* UpdateViewController.m */,
				9839226111ABE04200E636AF /* BillBoardsViewController.h */,
				9839226211ABE04200E636AF /* BillBoardsViewController.m */,
				1D3623240D0F684500981E51 /* TypingGameAppDelegate.h */,
			);
			name = "View Controller";
			sourceTree = "<group>";
		};
/* End PBXGroup section */

/* Begin PBXNativeTarget section */
		1D6058900D05DD3D006BFB54 /* TypingGame */ = {
			isa = PBXNativeTarget;
			buildConfigurationList = 1D6058960D05DD3E006BFB54 /* Build configuration list for PBXNativeTarget "TypingGame" */;
			buildPhases = (
				1D60588D0D05DD3D006BFB54 /* Resources */,
				1D60588E0D05DD3D006BFB54 /* Sources */,
				1D60588F0D05DD3D006BFB54 /* Frameworks */,
			);
			buildRules = (
			);
			dependencies = (
			);
			name = TypingGame;
			productName = TypingGame;
			productReference = 1D6058910D05DD3D006BFB54 /* TypingGame.app */;
			productType = "com.apple.product-type.application";
		};
/* End PBXNativeTarget section */

/* Begin PBXProject section */
		29B97313FDCFA39411CA2CEA /* Project object */ = {
			isa = PBXProject;
			buildConfigurationList = C01FCF4E08A954540054247B /* Build configuration list for PBXProject "TypingGame" */;
			compatibilityVersion = "Xcode 3.2";
			hasScannedForEncodings = 1;
			mainGroup = 29B97314FDCFA39411CA2CEA /* CustomTemplate */;
			projectDirPath = "";
			projectRoot = "";
			targets = (
				1D6058900D05DD3D006BFB54 /* TypingGame */,
			);
		};
/* End PBXProject section */

/* Begin PBXResourcesBuildPhase section */
		1D60588D0D05DD3D006BFB54 /* Resources */ = {
			isa = PBXResourcesBuildPhase;
			buildActionMask = 2147483647;
			files = (
				28AD733F0D9D9553002E5188 /* MainWindow.xib in Resources */,
				988E140611A1486400C1B831 /* icon.jpg in Resources */,
				988E140D11A148E900C1B831 /* MultiViewController.xib in Resources */,
				988E144111A14BDA00C1B831 /* MenuView.xib in Resources */,
				988E144311A14BE900C1B831 /* SettingView.xib in Resources */,
				98A9A39511A284240055BBED /* PlayView.xib in Resources */,
				98A9A3DD11A289220055BBED /* time.png in Resources */,
				98A9A3E111A291540055BBED /* type.png in Resources */,
				98A9A47B11A2A7BF0055BBED /* Default.png in Resources */,
				98AE318911A2E31A002BD4BD /* combo.png in Resources */,
				9897B59D11A81FCD005668DC /* UpdateView.xib in Resources */,
				9866832011ABD4AB00F4867F /* billboards.png in Resources */,
				9839225A11ABDF0B00E636AF /* BillBoardsView.xib in Resources */,
			);
			runOnlyForDeploymentPostprocessing = 0;
		};
/* End PBXResourcesBuildPhase section */

/* Begin PBXSourcesBuildPhase section */
		1D60588E0D05DD3D006BFB54 /* Sources */ = {
			isa = PBXSourcesBuildPhase;
			buildActionMask = 2147483647;
			files = (
				1D60589B0D05DD56006BFB54 /* main.m in Sources */,
				1D3623260D0F684500981E51 /* TypingGameAppDelegate.m in Sources */,
				988E140B11A148D400C1B831 /* MultiViewController.m in Sources */,
				988E142711A1499A00C1B831 /* MenuViewController.m in Sources */,
				988E142A11A149A400C1B831 /* SettingViewController.m in Sources */,
				98A9A39811A284310055BBED /* PlayViewController.m in Sources */,
				9839226311ABE04200E636AF /* BillBoardsViewController.m in Sources */,
				98BA588511D8959900D2F1BD /* UpdateViewController.m in Sources */,
			);
			runOnlyForDeploymentPostprocessing = 0;
		};
/* End PBXSourcesBuildPhase section */

/* Begin XCBuildConfiguration section */
		1D6058940D05DD3E006BFB54 /* Debug */ = {
			isa = XCBuildConfiguration;
			buildSettings = {
				ALWAYS_SEARCH_USER_PATHS = NO;
				COPY_PHASE_STRIP = NO;
				GCC_DYNAMIC_NO_PIC = NO;
				GCC_OPTIMIZATION_LEVEL = 0;
				GCC_PRECOMPILE_PREFIX_HEADER = YES;
				GCC_PREFIX_HEADER = TypingGame_Prefix.pch;
				INFOPLIST_FILE = "TypingGame-Info.plist";
				PRODUCT_NAME = TypingGame;
				SDKROOT = iphoneos3.2;
			};
			name = Debug;
		};
		1D6058950D05DD3E006BFB54 /* Release */ = {
			isa = XCBuildConfiguration;
			buildSettings = {
				ALWAYS_SEARCH_USER_PATHS = NO;
				COPY_PHASE_STRIP = YES;
				GCC_PRECOMPILE_PREFIX_HEADER = YES;
				GCC_PREFIX_HEADER = TypingGame_Prefix.pch;
				INFOPLIST_FILE = "TypingGame-Info.plist";
				PRODUCT_NAME = TypingGame;
				VALIDATE_PRODUCT = YES;
			};
			name = Release;
		};
		C01FCF4F08A954540054247B /* Debug */ = {
			isa = XCBuildConfiguration;
			buildSettings = {
				ARCHS = "$(ARCHS_STANDARD_32_BIT)";
				"CODE_SIGN_IDENTITY[sdk=iphoneos*]" = "iPhone Developer";
				GCC_C_LANGUAGE_STANDARD = c99;
				GCC_WARN_ABOUT_RETURN_TYPE = YES;
				GCC_WARN_UNUSED_VARIABLE = YES;
				PREBINDING = NO;
				SDKROOT = iphonesimulator4.0;
			};
			name = Debug;
		};
		C01FCF5008A954540054247B /* Release */ = {
			isa = XCBuildConfiguration;
			buildSettings = {
				ARCHS = "$(ARCHS_STANDARD_32_BIT)";
				"CODE_SIGN_IDENTITY[sdk=iphoneos*]" = "iPhone Developer";
				GCC_C_LANGUAGE_STANDARD = c99;
				GCC_WARN_ABOUT_RETURN_TYPE = YES;
				GCC_WARN_UNUSED_VARIABLE = YES;
				OTHER_CFLAGS = "-DNS_BLOCK_ASSERTIONS=1";
				PREBINDING = NO;
				SDKROOT = iphoneos3.1.3;
			};
			name = Release;
		};
/* End XCBuildConfiguration section */

/* Begin XCConfigurationList section */
		1D6058960D05DD3E006BFB54 /* Build configuration list for PBXNativeTarget "TypingGame" */ = {
			isa = XCConfigurationList;
			buildConfigurations = (
				1D6058940D05DD3E006BFB54 /* Debug */,
				1D6058950D05DD3E006BFB54 /* Release */,
			);
			defaultConfigurationIsVisible = 0;
			defaultConfigurationName = Release;
		};
		C01FCF4E08A954540054247B /* Build configuration list for PBXProject "TypingGame" */ = {
			isa = XCConfigurationList;
			buildConfigurations = (
				C01FCF4F08A954540054247B /* Debug */,
				C01FCF5008A954540054247B /* Release */,
			);
			defaultConfigurationIsVisible = 0;
			defaultConfigurationName = Release;
		};
/* End XCConfigurationList section */
	};
	rootObject = 29B97313FDCFA39411CA2CEA /* Project object */;
}
